
Microsoft Visual Studio Solution File, Format Version 12.00
# Visual Studio 15
VisualStudioVersion = 15.0.28307.489
MinimumVisualStudioVersion = 10.0.40219.1
Project("{8BC9CEB8-8B4A-11D0-8D11-00A0C91BC942}") = "Polynomial Calculate", "Polynomial Calculate\Polynomial Calculate.vcxproj", "{091EC5C2-263B-48B7-8198-D449CA1A8CA5}"
EndProject
Global
	GlobalSection(SolutionConfigurationPlatforms) = preSolution
		Debug|x64 = Debug|x64
		Debug|x86 = Debug|x86
		Release|x64 = Release|x64
		Release|x86 = Release|x86
	EndGlobalSection
	GlobalSection(ProjectConfigurationPlatforms) = postSolution
		{091EC5C2-263B-48B7-8198-D449CA1A8CA5}.Debug|x64.ActiveCfg = Debug|x64
		{091EC5C2-263B-48B7-8198-D449CA1A8CA5}.Debug|x64.Build.0 = Debug|x64
		{091EC5C2-263B-48B7-8198-D449CA1A8CA5}.Debug|x86.ActiveCfg = Debug|Win32
		{091EC5C2-263B-48B7-8198-D449CA1A8CA5}.Debug|x86.Build.0 = Debug|Win32
		{091EC5C2-263B-48B7-8198-D449CA1A8CA5}.Release|x64.ActiveCfg = Release|x64
		{091EC5C2-263B-48B7-8198-D449CA1A8CA5}.Release|x64.Build.0 = Release|x64
		{091EC5C2-263B-48B7-8198-D449CA1A8CA5}.Release|x86.ActiveCfg = Release|Win32
		{091EC5C2-263B-48B7-8198-D449CA1A8CA5}.Release|x86.Build.0 = Release|Win32
	EndGlobalSection
	GlobalSection(SolutionProperties) = preSolution
		HideSolutionNode = FALSE
	EndGlobalSection
	GlobalSection(ExtensibilityGlobals) = postSolution
		SolutionGuid = {33ADD4D1-6612-4AF6-BD19-EBA3102B5154}
	EndGlobalSection
EndGlobal
